// !$*UTF8*$!
{
	archiveVersion = 1;
	classes = {
	};
	objectVersion = 77;
	objects = {

/* Begin PBXContainerItemProxy section */
		D67AFABC2E777B0A0062F0C0 /* PBXContainerItemProxy */ = {
			isa = PBXContainerItemProxy;
			containerPortal = D67AFAA62E777B080062F0C0 /* Project object */;
			proxyType = 1;
			remoteGlobalIDString = D67AFAAD2E777B080062F0C0;
			remoteInfo = SwiftUIMovieFlixNavigationPath;
		};
		D67AFAC62E777B0A0062F0C0 /* PBXContainerItemProxy */ = {
			isa = PBXContainerItemProxy;
			containerPortal = D67AFAA62E777B080062F0C0 /* Project object */;
			proxyType = 1;
			remoteGlobalIDString = D67AFAAD2E777B080062F0C0;
			remoteInfo = SwiftUIMovieFlixNavigationPath;
		};
/* End PBXContainerItemProxy section */

/* Begin PBXFileReference section */
		D67AFAAE2E777B080062F0C0 /* SwiftUIMovieFlixNavigationPath.app */ = {isa = PBXFileReference; explicitFileType = wrapper.application; includeInIndex = 0; path = SwiftUIMovieFlixNavigationPath.app; sourceTree = BUILT_PRODUCTS_DIR; };
		D67AFABB2E777B0A0062F0C0 /* SwiftUIMovieFlixNavigationPathTests.xctest */ = {isa = PBXFileReference; explicitFileType = wrapper.cfbundle; includeInIndex = 0; path = SwiftUIMovieFlixNavigationPathTests.xctest; sourceTree = BUILT_PRODUCTS_DIR; };
		D67AFAC52E777B0A0062F0C0 /* SwiftUIMovieFlixNavigationPathUITests.xctest */ = {isa = PBXFileReference; explicitFileType = wrapper.cfbundle; includeInIndex = 0; path = SwiftUIMovieFlixNavigationPathUITests.xctest; sourceTree = BUILT_PRODUCTS_DIR; };
/* End PBXFileReference section */

/* Begin PBXFileSystemSynchronizedRootGroup section */
		D67AFAB02E777B080062F0C0 /* SwiftUIMovieFlixNavigationPath */ = {
			isa = PBXFileSystemSynchronizedRootGroup;
			path = SwiftUIMovieFlixNavigationPath;
			sourceTree = "<group>";
		};
		D67AFABE2E777B0A0062F0C0 /* SwiftUIMovieFlixNavigationPathTests */ = {
			isa = PBXFileSystemSynchronizedRootGroup;
			path = SwiftUIMovieFlixNavigationPathTests;
			sourceTree = "<group>";
		};
		D67AFAC82E777B0A0062F0C0 /* SwiftUIMovieFlixNavigationPathUITests */ = {
			isa = PBXFileSystemSynchronizedRootGroup;
			path = SwiftUIMovieFlixNavigationPathUITests;
			sourceTree = "<group>";
		};
/* End PBXFileSystemSynchronizedRootGroup section */

/* Begin PBXFrameworksBuildPhase section */
		D67AFAAB2E777B080062F0C0 /* Frameworks */ = {
			isa = PBXFrameworksBuildPhase;
			buildActionMask = 2147483647;
			files = (
			);
			runOnlyForDeploymentPostprocessing = 0;
		};
		D67AFAB82E777B0A0062F0C0 /* Frameworks */ = {
			isa = PBXFrameworksBuildPhase;
			buildActionMask = 2147483647;
			files = (
			);
			runOnlyForDeploymentPostprocessing = 0;
		};
		D67AFAC22E777B0A0062F0C0 /* Frameworks */ = {
			isa = PBXFrameworksBuildPhase;
			buildActionMask = 2147483647;
			files = (
			);
			runOnlyForDeploymentPostprocessing = 0;
		};
/* End PBXFrameworksBuildPhase section */

/* Begin PBXGroup section */
		D67AFAA52E777B080062F0C0 = {
			isa = PBXGroup;
			children = (
				D67AFAB02E777B080062F0C0 /* SwiftUIMovieFlixNavigationPath */,
				D67AFABE2E777B0A0062F0C0 /* SwiftUIMovieFlixNavigationPathTests */,
				D67AFAC82E777B0A0062F0C0 /* SwiftUIMovieFlixNavigationPathUITests */,
				D67AFAAF2E777B080062F0C0 /* Products */,
			);
			sourceTree = "<group>";
		};
		D67AFAAF2E777B080062F0C0 /* Products */ = {
			isa = PBXGroup;
			children = (
				D67AFAAE2E777B080062F0C0 /* SwiftUIMovieFlixNavigationPath.app */,
				D67AFABB2E777B0A0062F0C0 /* SwiftUIMovieFlixNavigationPathTests.xctest */,
				D67AFAC52E777B0A0062F0C0 /* SwiftUIMovieFlixNavigationPathUITests.xctest */,
			);
			name = Products;
			sourceTree = "<group>";
		};
/* End PBXGroup section */

/* Begin PBXNativeTarget section */
		D67AFAAD2E777B080062F0C0 /* SwiftUIMovieFlixNavigationPath */ = {
			isa = PBXNativeTarget;
			buildConfigurationList = D67AFACF2E777B0A0062F0C0 /* Build configuration list for PBXNativeTarget "SwiftUIMovieFlixNavigationPath" */;
			buildPhases = (
				D67AFAAA2E777B080062F0C0 /* Sources */,
				D67AFAAB2E777B080062F0C0 /* Frameworks */,
				D67AFAAC2E777B080062F0C0 /* Resources */,
			);
			buildRules = (
			);
			dependencies = (
			);
			fileSystemSynchronizedGroups = (
				D67AFAB02E777B080062F0C0 /* SwiftUIMovieFlixNavigationPath */,
			);
			name = SwiftUIMovieFlixNavigationPath;
			packageProductDependencies = (
			);
			productName = SwiftUIMovieFlixNavigationPath;
			productReference = D67AFAAE2E777B080062F0C0 /* SwiftUIMovieFlixNavigationPath.app */;
			productType = "com.apple.product-type.application";
		};
		D67AFABA2E777B0A0062F0C0 /* SwiftUIMovieFlixNavigationPathTests */ = {
			isa = PBXNativeTarget;
			buildConfigurationList = D67AFAD22E777B0A0062F0C0 /* Build configuration list for PBXNativeTarget "SwiftUIMovieFlixNavigationPathTests" */;
			buildPhases = (
				D67AFAB72E777B0A0062F0C0 /* Sources */,
				D67AFAB82E777B0A0062F0C0 /* Frameworks */,
				D67AFAB92E777B0A0062F0C0 /* Resources */,
			);
			buildRules = (
			);
			dependencies = (
				D67AFABD2E777B0A0062F0C0 /* PBXTargetDependency */,
			);
			fileSystemSynchronizedGroups = (
				D67AFABE2E777B0A0062F0C0 /* SwiftUIMovieFlixNavigationPathTests */,
			);
			name = SwiftUIMovieFlixNavigationPathTests;
			packageProductDependencies = (
			);
			productName = SwiftUIMovieFlixNavigationPathTests;
			productReference = D67AFABB2E777B0A0062F0C0 /* SwiftUIMovieFlixNavigationPathTests.xctest */;
			productType = "com.apple.product-type.bundle.unit-test";
		};
		D67AFAC42E777B0A0062F0C0 /* SwiftUIMovieFlixNavigationPathUITests */ = {
			isa = PBXNativeTarget;
			buildConfigurationList = D67AFAD52E777B0A0062F0C0 /* Build configuration list for PBXNativeTarget "SwiftUIMovieFlixNavigationPathUITests" */;
			buildPhases = (
				D67AFAC12E777B0A0062F0C0 /* Sources */,
				D67AFAC22E777B0A0062F0C0 /* Frameworks */,
				D67AFAC32E777B0A0062F0C0 /* Resources */,
			);
			buildRules = (
			);
			dependencies = (
				D67AFAC72E777B0A0062F0C0 /* PBXTargetDependency */,
			);
			fileSystemSynchronizedGroups = (
				D67AFAC82E777B0A0062F0C0 /* SwiftUIMovieFlixNavigationPathUITests */,
			);
			name = SwiftUIMovieFlixNavigationPathUITests;
			packageProductDependencies = (
			);
			productName = SwiftUIMovieFlixNavigationPathUITests;
			productReference = D67AFAC52E777B0A0062F0C0 /* SwiftUIMovieFlixNavigationPathUITests.xctest */;
			productType = "com.apple.product-type.bundle.ui-testing";
		};
/* End PBXNativeTarget section */

/* Begin PBXProject section */
		D67AFAA62E777B080062F0C0 /* Project object */ = {
			isa = PBXProject;
			attributes = {
				BuildIndependentTargetsInParallel = 1;
				LastSwiftUpdateCheck = 1640;
				LastUpgradeCheck = 1640;
				TargetAttributes = {
					D67AFAAD2E777B080062F0C0 = {
						CreatedOnToolsVersion = 16.4;
					};
					D67AFABA2E777B0A0062F0C0 = {
						CreatedOnToolsVersion = 16.4;
						TestTargetID = D67AFAAD2E777B080062F0C0;
					};
					D67AFAC42E777B0A0062F0C0 = {
						CreatedOnToolsVersion = 16.4;
						TestTargetID = D67AFAAD2E777B080062F0C0;
					};
				};
			};
			buildConfigurationList = D67AFAA92E777B080062F0C0 /* Build configuration list for PBXProject "SwiftUIMovieFlixNavigationPath" */;
			developmentRegion = en;
			hasScannedForEncodings = 0;
			knownRegions = (
				en,
				Base,
			);
			mainGroup = D67AFAA52E777B080062F0C0;
			minimizedProjectReferenceProxies = 1;
			preferredProjectObjectVersion = 77;
			productRefGroup = D67AFAAF2E777B080062F0C0 /* Products */;
			projectDirPath = "";
			projectRoot = "";
			targets = (
				D67AFAAD2E777B080062F0C0 /* SwiftUIMovieFlixNavigationPath */,
				D67AFABA2E777B0A0062F0C0 /* SwiftUIMovieFlixNavigationPathTests */,
				D67AFAC42E777B0A0062F0C0 /* SwiftUIMovieFlixNavigationPathUITests */,
			);
		};
/* End PBXProject section */

/* Begin PBXResourcesBuildPhase section */
		D67AFAAC2E777B080062F0C0 /* Resources */ = {
			isa = PBXResourcesBuildPhase;
			buildActionMask = 2147483647;
			files = (
			);
			runOnlyForDeploymentPostprocessing = 0;
		};
		D67AFAB92E777B0A0062F0C0 /* Resources */ = {
			isa = PBXResourcesBuildPhase;
			buildActionMask = 2147483647;
			files = (
			);
			runOnlyForDeploymentPostprocessing = 0;
		};
		D67AFAC32E777B0A0062F0C0 /* Resources */ = {
			isa = PBXResourcesBuildPhase;
			buildActionMask = 2147483647;
			files = (
			);
			runOnlyForDeploymentPostprocessing = 0;
		};
/* End PBXResourcesBuildPhase section */

/* Begin PBXSourcesBuildPhase section */
		D67AFAAA2E777B080062F0C0 /* Sources */ = {
			isa = PBXSourcesBuildPhase;
			buildActionMask = 2147483647;
			files = (
			);
			runOnlyForDeploymentPostprocessing = 0;
		};
		D67AFAB72E777B0A0062F0C0 /* Sources */ = {
			isa = PBXSourcesBuildPhase;
			buildActionMask = 2147483647;
			files = (
			);
			runOnlyForDeploymentPostprocessing = 0;
		};
		D67AFAC12E777B0A0062F0C0 /* Sources */ = {
			isa = PBXSourcesBuildPhase;
			buildActionMask = 2147483647;
			files = (
			);
			runOnlyForDeploymentPostprocessing = 0;
		};
/* End PBXSourcesBuildPhase section */

/* Begin PBXTargetDependency section */
		D67AFABD2E777B0A0062F0C0 /* PBXTargetDependency */ = {
			isa = PBXTargetDependency;
			target = D67AFAAD2E777B080062F0C0 /* SwiftUIMovieFlixNavigationPath */;
			targetProxy = D67AFABC2E777B0A0062F0C0 /* PBXContainerItemProxy */;
		};
		D67AFAC72E777B0A0062F0C0 /* PBXTargetDependency */ = {
			isa = PBXTargetDependency;
			target = D67AFAAD2E777B080062F0C0 /* SwiftUIMovieFlixNavigationPath */;
			targetProxy = D67AFAC62E777B0A0062F0C0 /* PBXContainerItemProxy */;
		};
/* End PBXTargetDependency section */

/* Begin XCBuildConfiguration section */
		D67AFACD2E777B0A0062F0C0 /* Debug */ = {
			isa = XCBuildConfiguration;
			buildSettings = {
				ALWAYS_SEARCH_USER_PATHS = NO;
				ASSETCATALOG_COMPILER_GENERATE_SWIFT_ASSET_SYMBOL_EXTENSIONS = YES;
				CLANG_ANALYZER_NONNULL = YES;
				CLANG_ANALYZER_NUMBER_OBJECT_CONVERSION = YES_AGGRESSIVE;
				CLANG_CXX_LANGUAGE_STANDARD = "gnu++20";
				CLANG_ENABLE_MODULES = YES;
				CLANG_ENABLE_OBJC_ARC = YES;
				CLANG_ENABLE_OBJC_WEAK = YES;
				CLANG_WARN_BLOCK_CAPTURE_AUTORELEASING = YES;
				CLANG_WARN_BOOL_CONVERSION = YES;
				CLANG_WARN_COMMA = YES;
				CLANG_WARN_CONSTANT_CONVERSION = YES;
				CLANG_WARN_DEPRECATED_OBJC_IMPLEMENTATIONS = YES;
				CLANG_WARN_DIRECT_OBJC_ISA_USAGE = YES_ERROR;
				CLANG_WARN_DOCUMENTATION_COMMENTS = YES;
				CLANG_WARN_EMPTY_BODY = YES;
				CLANG_WARN_ENUM_CONVERSION = YES;
				CLANG_WARN_INFINITE_RECURSION = YES;
				CLANG_WARN_INT_CONVERSION = YES;
				CLANG_WARN_NON_LITERAL_NULL_CONVERSION = YES;
				CLANG_WARN_OBJC_IMPLICIT_RETAIN_SELF = YES;
				CLANG_WARN_OBJC_LITERAL_CONVERSION = YES;
				CLANG_WARN_OBJC_ROOT_CLASS = YES_ERROR;
				CLANG_WARN_QUOTED_INCLUDE_IN_FRAMEWORK_HEADER = YES;
				CLANG_WARN_RANGE_LOOP_ANALYSIS = YES;
				CLANG_WARN_STRICT_PROTOTYPES = YES;
				CLANG_WARN_SUSPICIOUS_MOVE = YES;
				CLANG_WARN_UNGUARDED_AVAILABILITY = YES_AGGRESSIVE;
				CLANG_WARN_UNREACHABLE_CODE = YES;
				CLANG_WARN__DUPLICATE_METHOD_MATCH = YES;
				COPY_PHASE_STRIP = NO;
				DEBUG_INFORMATION_FORMAT = dwarf;
				DEVELOPMENT_TEAM = K6LJCT8RAA;
				ENABLE_STRICT_OBJC_MSGSEND = YES;
				ENABLE_TESTABILITY = YES;
				ENABLE_USER_SCRIPT_SANDBOXING = YES;
				GCC_C_LANGUAGE_STANDARD = gnu17;
				GCC_DYNAMIC_NO_PIC = NO;
				GCC_NO_COMMON_BLOCKS = YES;
				GCC_OPTIMIZATION_LEVEL = 0;
				GCC_PREPROCESSOR_DEFINITIONS = (
					"DEBUG=1",
					"$(inherited)",
				);
				GCC_WARN_64_TO_32_BIT_CONVERSION = YES;
				GCC_WARN_ABOUT_RETURN_TYPE = YES_ERROR;
				GCC_WARN_UNDECLARED_SELECTOR = YES;
				GCC_WARN_UNINITIALIZED_AUTOS = YES_AGGRESSIVE;
				GCC_WARN_UNUSED_FUNCTION = YES;
				GCC_WARN_UNUSED_VARIABLE = YES;
				IPHONEOS_DEPLOYMENT_TARGET = 18.5;
				LOCALIZATION_PREFERS_STRING_CATALOGS = YES;
				MTL_ENABLE_DEBUG_INFO = INCLUDE_SOURCE;
				MTL_FAST_MATH = YES;
				ONLY_ACTIVE_ARCH = YES;
				SDKROOT = iphoneos;
				SWIFT_ACTIVE_COMPILATION_CONDITIONS = "DEBUG $(inherited)";
				SWIFT_OPTIMIZATION_LEVEL = "-Onone";
			};
			name = Debug;
		};
		D67AFACE2E777B0A0062F0C0 /* Release */ = {
			isa = XCBuildConfiguration;
			buildSettings = {
				ALWAYS_SEARCH_USER_PATHS = NO;
				ASSETCATALOG_COMPILER_GENERATE_SWIFT_ASSET_SYMBOL_EXTENSIONS = YES;
				CLANG_ANALYZER_NONNULL = YES;
				CLANG_ANALYZER_NUMBER_OBJECT_CONVERSION = YES_AGGRESSIVE;
				CLANG_CXX_LANGUAGE_STANDARD = "gnu++20";
				CLANG_ENABLE_MODULES = YES;
				CLANG_ENABLE_OBJC_ARC = YES;
				CLANG_ENABLE_OBJC_WEAK = YES;
				CLANG_WARN_BLOCK_CAPTURE_AUTORELEASING = YES;
				CLANG_WARN_BOOL_CONVERSION = YES;
				CLANG_WARN_COMMA = YES;
				CLANG_WARN_CONSTANT_CONVERSION = YES;
				CLANG_WARN_DEPRECATED_OBJC_IMPLEMENTATIONS = YES;
				CLANG_WARN_DIRECT_OBJC_ISA_USAGE = YES_ERROR;
				CLANG_WARN_DOCUMENTATION_COMMENTS = YES;
				CLANG_WARN_EMPTY_BODY = YES;
				CLANG_WARN_ENUM_CONVERSION = YES;
				CLANG_WARN_INFINITE_RECURSION = YES;
				CLANG_WARN_INT_CONVERSION = YES;
				CLANG_WARN_NON_LITERAL_NULL_CONVERSION = YES;
				CLANG_WARN_OBJC_IMPLICIT_RETAIN_SELF = YES;
				CLANG_WARN_OBJC_LITERAL_CONVERSION = YES;
				CLANG_WARN_OBJC_ROOT_CLASS = YES_ERROR;
				CLANG_WARN_QUOTED_INCLUDE_IN_FRAMEWORK_HEADER = YES;
				CLANG_WARN_RANGE_LOOP_ANALYSIS = YES;
				CLANG_WARN_STRICT_PROTOTYPES = YES;
				CLANG_WARN_SUSPICIOUS_MOVE = YES;
				CLANG_WARN_UNGUARDED_AVAILABILITY = YES_AGGRESSIVE;
				CLANG_WARN_UNREACHABLE_CODE = YES;
				CLANG_WARN__DUPLICATE_METHOD_MATCH = YES;
				COPY_PHASE_STRIP = NO;
				DEBUG_INFORMATION_FORMAT = "dwarf-with-dsym";
				DEVELOPMENT_TEAM = K6LJCT8RAA;
				ENABLE_NS_ASSERTIONS = NO;
				ENABLE_STRICT_OBJC_MSGSEND = YES;
				ENABLE_USER_SCRIPT_SANDBOXING = YES;
				GCC_C_LANGUAGE_STANDARD = gnu17;
				GCC_NO_COMMON_BLOCKS = YES;
				GCC_WARN_64_TO_32_BIT_CONVERSION = YES;
				GCC_WARN_ABOUT_RETURN_TYPE = YES_ERROR;
				GCC_WARN_UNDECLARED_SELECTOR = YES;
				GCC_WARN_UNINITIALIZED_AUTOS = YES_AGGRESSIVE;
				GCC_WARN_UNUSED_FUNCTION = YES;
				GCC_WARN_UNUSED_VARIABLE = YES;
				IPHONEOS_DEPLOYMENT_TARGET = 18.5;
				LOCALIZATION_PREFERS_STRING_CATALOGS = YES;
				MTL_ENABLE_DEBUG_INFO = NO;
				MTL_FAST_MATH = YES;
				SDKROOT = iphoneos;
				SWIFT_COMPILATION_MODE = wholemodule;
				VALIDATE_PRODUCT = YES;
			};
			name = Release;
		};
		D67AFAD02E777B0A0062F0C0 /* Debug */ = {
			isa = XCBuildConfiguration;
			buildSettings = {
				ASSETCATALOG_COMPILER_APPICON_NAME = AppIcon;
				ASSETCATALOG_COMPILER_GLOBAL_ACCENT_COLOR_NAME = AccentColor;
				CODE_SIGN_STYLE = Automatic;
				CURRENT_PROJECT_VERSION = 1;
				DEVELOPMENT_TEAM = K6LJCT8RAA;
				ENABLE_PREVIEWS = YES;
				GENERATE_INFOPLIST_FILE = YES;
				INFOPLIST_KEY_UIApplicationSceneManifest_Generation = YES;
				INFOPLIST_KEY_UIApplicationSupportsIndirectInputEvents = YES;
				INFOPLIST_KEY_UILaunchScreen_Generation = YES;
				INFOPLIST_KEY_UISupportedInterfaceOrientations_iPad = "UIInterfaceOrientationPortrait UIInterfaceOrientationPortraitUpsideDown UIInterfaceOrientationLandscapeLeft UIInterfaceOrientationLandscapeRight";
				INFOPLIST_KEY_UISupportedInterfaceOrientations_iPhone = "UIInterfaceOrientationPortrait UIInterfaceOrientationLandscapeLeft UIInterfaceOrientationLandscapeRight";
				LD_RUNPATH_SEARCH_PATHS = (
					"$(inherited)",
					"@executable_path/Frameworks",
				);
				MARKETING_VERSION = 1.0;
				PRODUCT_BUNDLE_IDENTIFIER = com.template.SwiftUIMovieFlixNavigationPath;
				PRODUCT_NAME = "$(TARGET_NAME)";
				SWIFT_EMIT_LOC_STRINGS = YES;
				SWIFT_VERSION = 5.0;
				TARGETED_DEVICE_FAMILY = "1,2";
			};
			name = Debug;
		};
		D67AFAD12E777B0A0062F0C0 /* Release */ = {
			isa = XCBuildConfiguration;
			buildSettings = {
				ASSETCATALOG_COMPILER_APPICON_NAME = AppIcon;
				ASSETCATALOG_COMPILER_GLOBAL_ACCENT_COLOR_NAME = AccentColor;
				CODE_SIGN_STYLE = Automatic;
				CURRENT_PROJECT_VERSION = 1;
				DEVELOPMENT_TEAM = K6LJCT8RAA;
				ENABLE_PREVIEWS = YES;
				GENERATE_INFOPLIST_FILE = YES;
				INFOPLIST_KEY_UIApplicationSceneManifest_Generation = YES;
				INFOPLIST_KEY_UIApplicationSupportsIndirectInputEvents = YES;
				INFOPLIST_KEY_UILaunchScreen_Generation = YES;
				INFOPLIST_KEY_UISupportedInterfaceOrientations_iPad = "UIInterfaceOrientationPortrait UIInterfaceOrientationPortraitUpsideDown UIInterfaceOrientationLandscapeLeft UIInterfaceOrientationLandscapeRight";
				INFOPLIST_KEY_UISupportedInterfaceOrientations_iPhone = "UIInterfaceOrientationPortrait UIInterfaceOrientationLandscapeLeft UIInterfaceOrientationLandscapeRight";
				LD_RUNPATH_SEARCH_PATHS = (
					"$(inherited)",
					"@executable_path/Frameworks",
				);
				MARKETING_VERSION = 1.0;
				PRODUCT_BUNDLE_IDENTIFIER = com.template.SwiftUIMovieFlixNavigationPath;
				PRODUCT_NAME = "$(TARGET_NAME)";
				SWIFT_EMIT_LOC_STRINGS = YES;
				SWIFT_VERSION = 5.0;
				TARGETED_DEVICE_FAMILY = "1,2";
			};
			name = Release;
		};
		D67AFAD32E777B0A0062F0C0 /* Debug */ = {
			isa = XCBuildConfiguration;
			buildSettings = {
				BUNDLE_LOADER = "$(TEST_HOST)";
				CODE_SIGN_STYLE = Automatic;
				CURRENT_PROJECT_VERSION = 1;
				DEVELOPMENT_TEAM = K6LJCT8RAA;
				GENERATE_INFOPLIST_FILE = YES;
				IPHONEOS_DEPLOYMENT_TARGET = 18.5;
				MARKETING_VERSION = 1.0;
				PRODUCT_BUNDLE_IDENTIFIER = com.template.SwiftUIMovieFlixNavigationPathTests;
				PRODUCT_NAME = "$(TARGET_NAME)";
				SWIFT_EMIT_LOC_STRINGS = NO;
				SWIFT_VERSION = 5.0;
				TARGETED_DEVICE_FAMILY = "1,2";
				TEST_HOST = "$(BUILT_PRODUCTS_DIR)/SwiftUIMovieFlixNavigationPath.app/$(BUNDLE_EXECUTABLE_FOLDER_PATH)/SwiftUIMovieFlixNavigationPath";
			};
			name = Debug;
		};
		D67AFAD42E777B0A0062F0C0 /* Release */ = {
			isa = XCBuildConfiguration;
			buildSettings = {
				BUNDLE_LOADER = "$(TEST_HOST)";
				CODE_SIGN_STYLE = Automatic;
				CURRENT_PROJECT_VERSION = 1;
				DEVELOPMENT_TEAM = K6LJCT8RAA;
				GENERATE_INFOPLIST_FILE = YES;
				IPHONEOS_DEPLOYMENT_TARGET = 18.5;
				MARKETING_VERSION = 1.0;
				PRODUCT_BUNDLE_IDENTIFIER = com.template.SwiftUIMovieFlixNavigationPathTests;
				PRODUCT_NAME = "$(TARGET_NAME)";
				SWIFT_EMIT_LOC_STRINGS = NO;
				SWIFT_VERSION = 5.0;
				TARGETED_DEVICE_FAMILY = "1,2";
				TEST_HOST = "$(BUILT_PRODUCTS_DIR)/SwiftUIMovieFlixNavigationPath.app/$(BUNDLE_EXECUTABLE_FOLDER_PATH)/SwiftUIMovieFlixNavigationPath";
			};
			name = Release;
		};
		D67AFAD62E777B0A0062F0C0 /* Debug */ = {
			isa = XCBuildConfiguration;
			buildSettings = {
				CODE_SIGN_STYLE = Automatic;
				CURRENT_PROJECT_VERSION = 1;
				DEVELOPMENT_TEAM = K6LJCT8RAA;
				GENERATE_INFOPLIST_FILE = YES;
				MARKETING_VERSION = 1.0;
				PRODUCT_BUNDLE_IDENTIFIER = com.template.SwiftUIMovieFlixNavigationPathUITests;
				PRODUCT_NAME = "$(TARGET_NAME)";
				SWIFT_EMIT_LOC_STRINGS = NO;
				SWIFT_VERSION = 5.0;
				TARGETED_DEVICE_FAMILY = "1,2";
				TEST_TARGET_NAME = SwiftUIMovieFlixNavigationPath;
			};
			name = Debug;
		};
		D67AFAD72E777B0A0062F0C0 /* Release */ = {
			isa = XCBuildConfiguration;
			buildSettings = {
				CODE_SIGN_STYLE = Automatic;
				CURRENT_PROJECT_VERSION = 1;
				DEVELOPMENT_TEAM = K6LJCT8RAA;
				GENERATE_INFOPLIST_FILE = YES;
				MARKETING_VERSION = 1.0;
				PRODUCT_BUNDLE_IDENTIFIER = com.template.SwiftUIMovieFlixNavigationPathUITests;
				PRODUCT_NAME = "$(TARGET_NAME)";
				SWIFT_EMIT_LOC_STRINGS = NO;
				SWIFT_VERSION = 5.0;
				TARGETED_DEVICE_FAMILY = "1,2";
				TEST_TARGET_NAME = SwiftUIMovieFlixNavigationPath;
			};
			name = Release;
		};
/* End XCBuildConfiguration section */

/* Begin XCConfigurationList section */
		D67AFAA92E777B080062F0C0 /* Build configuration list for PBXProject "SwiftUIMovieFlixNavigationPath" */ = {
			isa = XCConfigurationList;
			buildConfigurations = (
				D67AFACD2E777B0A0062F0C0 /* Debug */,
				D67AFACE2E777B0A0062F0C0 /* Release */,
			);
			defaultConfigurationIsVisible = 0;
			defaultConfigurationName = Release;
		};
		D67AFACF2E777B0A0062F0C0 /* Build configuration list for PBXNativeTarget "SwiftUIMovieFlixNavigationPath" */ = {
			isa = XCConfigurationList;
			buildConfigurations = (
				D67AFAD02E777B0A0062F0C0 /* Debug */,
				D67AFAD12E777B0A0062F0C0 /* Release */,
			);
			defaultConfigurationIsVisible = 0;
			defaultConfigurationName = Release;
		};
		D67AFAD22E777B0A0062F0C0 /* Build configuration list for PBXNativeTarget "SwiftUIMovieFlixNavigationPathTests" */ = {
			isa = XCConfigurationList;
			buildConfigurations = (
				D67AFAD32E777B0A0062F0C0 /* Debug */,
				D67AFAD42E777B0A0062F0C0 /* Release */,
			);
			defaultConfigurationIsVisible = 0;
			defaultConfigurationName = Release;
		};
		D67AFAD52E777B0A0062F0C0 /* Build configuration list for PBXNativeTarget "SwiftUIMovieFlixNavigationPathUITests" */ = {
			isa = XCConfigurationList;
			buildConfigurations = (
				D67AFAD62E777B0A0062F0C0 /* Debug */,
				D67AFAD72E777B0A0062F0C0 /* Release */,
			);
			defaultConfigurationIsVisible = 0;
			defaultConfigurationName = Release;
		};
/* End XCConfigurationList section */
	};
	rootObject = D67AFAA62E777B080062F0C0 /* Project object */;
}
